
Microsoft Visual Studio Solution File, Format Version 12.00
# Visual Studio 15
Project("{FAE04EC0-301F-11D3-BF4B-00C04F79EFBC}") = "Assembly-CSharp-Editor", "Assembly-CSharp-Editor.csproj", "{A3192A19-FF3D-7E36-1113-5A8806809AE9}"
EndProject
Project("{FAE04EC0-301F-11D3-BF4B-00C04F79EFBC}") = "Mediapipe.Runtime", "Mediapipe.Runtime.csproj", "{D212DF84-94EA-416B-B8DB-51625F81CBA6}"
EndProject
Project("{FAE04EC0-301F-11D3-BF4B-00C04F79EFBC}") = "Assembly-CSharp", "Assembly-CSharp.csproj", "{220BDDB9-97E6-BB3C-B747-2F89098F46C4}"
EndProject
Project("{FAE04EC0-301F-11D3-BF4B-00C04F79EFBC}") = "Mediapipe.Tests.EditMode", "Mediapipe.Tests.EditMode.csproj", "{05421974-2CD9-3AA3-F147-0BAA3042E959}"
EndProject
Global
	GlobalSection(SolutionConfigurationPlatforms) = preSolution
		Debug|Any CPU = Debug|Any CPU
		Release|Any CPU = Release|Any CPU
	EndGlobalSection
	GlobalSection(ProjectConfigurationPlatforms) = postSolution
		{A3192A19-FF3D-7E36-1113-5A8806809AE9}.Debug|Any CPU.ActiveCfg = Debug|Any CPU
		{A3192A19-FF3D-7E36-1113-5A8806809AE9}.Debug|Any CPU.Build.0 = Debug|Any CPU
		{A3192A19-FF3D-7E36-1113-5A8806809AE9}.Release|Any CPU.ActiveCfg = Release|Any CPU
		{A3192A19-FF3D-7E36-1113-5A8806809AE9}.Release|Any CPU.Build.0 = Release|Any CPU
		{D212DF84-94EA-416B-B8DB-51625F81CBA6}.Debug|Any CPU.ActiveCfg = Debug|Any CPU
		{D212DF84-94EA-416B-B8DB-51625F81CBA6}.Debug|Any CPU.Build.0 = Debug|Any CPU
		{D212DF84-94EA-416B-B8DB-51625F81CBA6}.Release|Any CPU.ActiveCfg = Release|Any CPU
		{D212DF84-94EA-416B-B8DB-51625F81CBA6}.Release|Any CPU.Build.0 = Release|Any CPU
		{220BDDB9-97E6-BB3C-B747-2F89098F46C4}.Debug|Any CPU.ActiveCfg = Debug|Any CPU
		{220BDDB9-97E6-BB3C-B747-2F89098F46C4}.Debug|Any CPU.Build.0 = Debug|Any CPU
		{220BDDB9-97E6-BB3C-B747-2F89098F46C4}.Release|Any CPU.ActiveCfg = Release|Any CPU
		{220BDDB9-97E6-BB3C-B747-2F89098F46C4}.Release|Any CPU.Build.0 = Release|Any CPU
		{05421974-2CD9-3AA3-F147-0BAA3042E959}.Debug|Any CPU.ActiveCfg = Debug|Any CPU
		{05421974-2CD9-3AA3-F147-0BAA3042E959}.Debug|Any CPU.Build.0 = Debug|Any CPU
		{05421974-2CD9-3AA3-F147-0BAA3042E959}.Release|Any CPU.ActiveCfg = Release|Any CPU
		{05421974-2CD9-3AA3-F147-0BAA3042E959}.Release|Any CPU.Build.0 = Release|Any CPU
	EndGlobalSection
	GlobalSection(SolutionProperties) = preSolution
		HideSolutionNode = FALSE
	EndGlobalSection
EndGlobal
